
Microsoft Visual Studio Solution File, Format Version 12.00
# Visual Studio Version 17
VisualStudioVersion = 17.5.33530.505
MinimumVisualStudioVersion = 10.0.40219.1
Project("{9A19103F-16F7-4668-BE54-9A1E7A4F7556}") = "Primary_HealthCare_System", "Primary_HealthCare_System.csproj", "{1ED50ACF-E64F-42D2-A80C-3D22AA7B55B1}"
EndProject
Global
	GlobalSection(SolutionConfigurationPlatforms) = preSolution
		Debug|Any CPU = Debug|Any CPU
		Release|Any CPU = Release|Any CPU
	EndGlobalSection
	GlobalSection(ProjectConfigurationPlatforms) = postSolution
		{1ED50ACF-E64F-42D2-A80C-3D22AA7B55B1}.Debug|Any CPU.ActiveCfg = Debug|Any CPU
		{1ED50ACF-E64F-42D2-A80C-3D22AA7B55B1}.Debug|Any CPU.Build.0 = Debug|Any CPU
		{1ED50ACF-E64F-42D2-A80C-3D22AA7B55B1}.Release|Any CPU.ActiveCfg = Release|Any CPU
		{1ED50ACF-E64F-42D2-A80C-3D22AA7B55B1}.Release|Any CPU.Build.0 = Release|Any CPU
	EndGlobalSection
	GlobalSection(SolutionProperties) = preSolution
		HideSolutionNode = FALSE
	EndGlobalSection
	GlobalSection(ExtensibilityGlobals) = postSolution
		SolutionGuid = {FDD303B8-3B88-4AAA-B45A-224439511E07}
	EndGlobalSection
EndGlobal
